{
  "name": "@ocean/common-example",
  "version": "1.0.0",
  "lockfileVersion": 3,
  "requires": true,
  "packages": {
    "": {
      "name": "@ocean/common-example",
      "version": "1.0.0",
      "license": "ISC",
      "dependencies": {
        "@ocean/common-example": "file:"
      }
    },
    "node_modules/@ocean/common-example": {
      "resolved": "",
      "link": true
    }
  }
}
